<?xml version="1.0" encoding="utf-8"?>
<Project ToolsVersion="4.0" xmlns="http://schemas.microsoft.com/developer/msbuild/2003">
  <ItemGroup>
    <Filter Include="98.Default">
      <UniqueIdentifier>{6ef1e47a-756a-4482-9f45-993c308095c3}</UniqueIdentifier>
    </Filter>
    <Filter Include="00,MainApp">
      <UniqueIdentifier>{d75afd3c-146f-4dea-86e4-053365be8e3f}</UniqueIdentifier>
    </Filter>
    <Filter Include="99.Headers">
      <UniqueIdentifier>{feab15be-c075-4697-9f3e-288b44828e27}</UniqueIdentifier>
    </Filter>
    <Filter Include="97.Shaders">
      <UniqueIdentifier>{05862e69-74b0-426c-b9dc-e29b46f37e72}</UniqueIdentifier>
    </Filter>
    <Filter Include="01.Levels">
      <UniqueIdentifier>{adca058c-b076-40b1-9ccb-b5ed12b55b8b}</UniqueIdentifier>
    </Filter>
    <Filter Include="01.Levels\99.Loading">
      <UniqueIdentifier>{ecca2a67-bd6d-4abc-85c2-5c1c02c11a8d}</UniqueIdentifier>
    </Filter>
    <Filter Include="01.Levels\99.Loading\Loader">
      <UniqueIdentifier>{0c08cb93-c67d-4492-8ace-13a53e7b8273}</UniqueIdentifier>
    </Filter>
    <Filter Include="01.Levels\00.Logo">
      <UniqueIdentifier>{963c3fa1-7370-43a2-b2dd-dfe5d4f628a4}</UniqueIdentifier>
    </Filter>
    <Filter Include="02.GameObjects">
      <UniqueIdentifier>{ba522b2a-4ead-4a95-9b5a-dba8e1255bc4}</UniqueIdentifier>
    </Filter>
    <Filter Include="02.GameObjects\00.UI">
      <UniqueIdentifier>{f1e255e6-7ee2-4aa8-865f-c0443b8ac190}</UniqueIdentifier>
    </Filter>
    <Filter Include="02.GameObjects\01.Camera">
      <UniqueIdentifier>{16d6c939-afe9-4928-9233-9961bfa21ec1}</UniqueIdentifier>
    </Filter>
    <Filter Include="02.GameObjects\02.Terrain">
      <UniqueIdentifier>{0ca22cdd-6ebf-49a8-9ece-1cf06a2bee24}</UniqueIdentifier>
    </Filter>
    <Filter Include="02.GameObjects\03.Player">
      <UniqueIdentifier>{106eadb8-2a41-4bfc-b3a1-d09b0dc354bf}</UniqueIdentifier>
    </Filter>
    <Filter Include="02.GameObjects\01.Camera\Main">
      <UniqueIdentifier>{00fdc532-be83-4744-a507-ea72d90460ec}</UniqueIdentifier>
    </Filter>
    <Filter Include="02.GameObjects\01.Camera\Debug">
      <UniqueIdentifier>{e97bce74-f494-4fe2-83eb-e9455c572c64}</UniqueIdentifier>
    </Filter>
    <Filter Include="02.GameObjects\04. Monster">
      <UniqueIdentifier>{086d8fbf-1f82-4f80-bf2a-c9239899b420}</UniqueIdentifier>
    </Filter>
    <Filter Include="02.GameObjects\00.UI\Mouse">
      <UniqueIdentifier>{89b430e3-9d5d-489f-9bcf-45fe6b71c06b}</UniqueIdentifier>
    </Filter>
    <Filter Include="01.Levels\03.GamePlay">
      <UniqueIdentifier>{1784434f-f383-4b50-9bf3-b8df7da39f31}</UniqueIdentifier>
    </Filter>
    <Filter Include="01.Levels\01.Select">
      <UniqueIdentifier>{7240830d-62e1-4b70-b39f-24e7112fa857}</UniqueIdentifier>
    </Filter>
    <Filter Include="01.Levels\02.Custom">
      <UniqueIdentifier>{fa58d2ea-b7ac-46c9-95ad-8624c60b8a80}</UniqueIdentifier>
    </Filter>
    <Filter Include="02.GameObjects\00.UI\00.LogoLevel">
      <UniqueIdentifier>{1678a295-7a89-4c8c-ad08-52ced059c67e}</UniqueIdentifier>
    </Filter>
    <Filter Include="02.GameObjects\00.UI\00.LogoLevel\Logo_Background">
      <UniqueIdentifier>{afe74668-4b64-4d74-8f1b-c26e1dc986d3}</UniqueIdentifier>
    </Filter>
    <Filter Include="02.GameObjects\00.UI\00.LogoLevel\Loading">
      <UniqueIdentifier>{1c9f433d-dcee-4a97-a135-ed8a31442110}</UniqueIdentifier>
    </Filter>
    <Filter Include="02.GameObjects\00.UI\01.SelectLevel">
      <UniqueIdentifier>{93abe20e-797d-4bcc-ad2b-25c32d710d72}</UniqueIdentifier>
    </Filter>
    <Filter Include="02.GameObjects\00.UI\01.SelectLevel\CharacterSelect">
      <UniqueIdentifier>{6f2639c5-1725-44f9-9096-e83c37bd1286}</UniqueIdentifier>
    </Filter>
    <Filter Include="02.GameObjects\03.Player\BodyParts">
      <UniqueIdentifier>{0123b848-788d-47ef-ba20-76c36aaef511}</UniqueIdentifier>
    </Filter>
    <Filter Include="02.GameObjects\04. Monster\Tutorial">
      <UniqueIdentifier>{6312d092-7911-49b9-bf08-6d14a17144d4}</UniqueIdentifier>
    </Filter>
    <Filter Include="02.GameObjects\04. Monster\Tutorial\00. NPCvsMon">
      <UniqueIdentifier>{a52be690-2c9f-4aff-bc7f-ad98394daf42}</UniqueIdentifier>
    </Filter>
    <Filter Include="02.GameObjects\04. Monster\Tutorial\01. Void05">
      <UniqueIdentifier>{ca2ecc51-8de3-4c19-8aae-baa40147a63b}</UniqueIdentifier>
    </Filter>
    <Filter Include="02.GameObjects\00.UI\TextButton">
      <UniqueIdentifier>{e433917e-0435-4307-a9c2-4229c403b1c9}</UniqueIdentifier>
    </Filter>
    <Filter Include="02.GameObjects\01.Camera\Select">
      <UniqueIdentifier>{8d83bd06-503a-4299-90d9-bd4f9f6c1225}</UniqueIdentifier>
    </Filter>
    <Filter Include="02.GameObjects\00.UI\NameTag">
      <UniqueIdentifier>{58d52e8e-1cbf-4e42-b53c-27b4eb35e680}</UniqueIdentifier>
    </Filter>
    <Filter Include="02.GameObjects\00.UI\01.SelectLevel\SelectDesc">
      <UniqueIdentifier>{7935ee7b-30e4-4d2e-a24a-01dc212f896a}</UniqueIdentifier>
    </Filter>
  </ItemGroup>
  <ItemGroup>
    <ClInclude Include="Client.h">
      <Filter>98.Default</Filter>
    </ClInclude>
    <ClInclude Include="framework.h">
      <Filter>98.Default</Filter>
    </ClInclude>
    <ClInclude Include="Resource.h">
      <Filter>98.Default</Filter>
    </ClInclude>
    <ClInclude Include="targetver.h">
      <Filter>98.Default</Filter>
    </ClInclude>
    <ClInclude Include="..\Public\Client_Define.h">
      <Filter>99.Headers</Filter>
    </ClInclude>
    <ClInclude Include="..\Public\MainApp.h">
      <Filter>00,MainApp</Filter>
    </ClInclude>
    <ClInclude Include="..\Public\Level_Loading.h">
      <Filter>01.Levels\99.Loading</Filter>
    </ClInclude>
    <ClInclude Include="..\Public\Loader.h">
      <Filter>01.Levels\99.Loading\Loader</Filter>
    </ClInclude>
    <ClInclude Include="..\Public\Level_Logo.h">
      <Filter>01.Levels\00.Logo</Filter>
    </ClInclude>
    <ClInclude Include="..\public\Player.h">
      <Filter>02.GameObjects\03.Player</Filter>
    </ClInclude>
    <ClInclude Include="..\Public\Camera_Main.h">
      <Filter>02.GameObjects\01.Camera\Main</Filter>
    </ClInclude>
    <ClInclude Include="..\Public\Camera_Debug.h">
      <Filter>02.GameObjects\01.Camera\Debug</Filter>
    </ClInclude>
    <ClInclude Include="..\Public\Level_GamePlay.h">
      <Filter>01.Levels\03.GamePlay</Filter>
    </ClInclude>
    <ClInclude Include="..\Public\Monster.h">
      <Filter>02.GameObjects\04. Monster</Filter>
    </ClInclude>
    <ClInclude Include="..\Public\Mouse.h">
      <Filter>02.GameObjects\00.UI\Mouse</Filter>
    </ClInclude>
    <ClInclude Include="..\Public\LoaderIncludes.h">
      <Filter>01.Levels\99.Loading\Loader</Filter>
    </ClInclude>
    <ClInclude Include="..\Public\Level_Custom.h">
      <Filter>01.Levels\02.Custom</Filter>
    </ClInclude>
    <ClInclude Include="..\Public\Level_Select.h">
      <Filter>01.Levels\01.Select</Filter>
    </ClInclude>
    <ClInclude Include="..\Public\BackGround.h">
      <Filter>02.GameObjects\00.UI\00.LogoLevel\Logo_Background</Filter>
    </ClInclude>
    <ClInclude Include="..\Public\Logo.h">
      <Filter>02.GameObjects\00.UI\00.LogoLevel\Logo_Background</Filter>
    </ClInclude>
    <ClInclude Include="..\Public\Loading.h">
      <Filter>02.GameObjects\00.UI\00.LogoLevel\Loading</Filter>
    </ClInclude>
    <ClInclude Include="..\Public\Loading_Horse.h">
      <Filter>02.GameObjects\00.UI\00.LogoLevel\Loading</Filter>
    </ClInclude>
    <ClInclude Include="..\Public\Select.h">
      <Filter>02.GameObjects\00.UI\01.SelectLevel</Filter>
    </ClInclude>
    <ClInclude Include="..\Public\CharacterSelect.h">
      <Filter>02.GameObjects\00.UI\01.SelectLevel\CharacterSelect</Filter>
    </ClInclude>
    <ClInclude Include="..\Public\TextButton.h">
      <Filter>02.GameObjects\00.UI\TextButton</Filter>
    </ClInclude>
    <ClInclude Include="..\Public\BodyPart.h">
      <Filter>02.GameObjects\03.Player\BodyParts</Filter>
    </ClInclude>
    <ClInclude Include="..\Public\Terrain.h">
      <Filter>02.GameObjects\02.Terrain</Filter>
    </ClInclude>
    <ClInclude Include="..\Public\NPCvsMon.h">
      <Filter>02.GameObjects\04. Monster\Tutorial\00. NPCvsMon</Filter>
    </ClInclude>
    <ClInclude Include="..\Public\Void05.h">
      <Filter>02.GameObjects\04. Monster\Tutorial\01. Void05</Filter>
    </ClInclude>
    <ClInclude Include="..\Public\SelectDesc.h">
      <Filter>02.GameObjects\00.UI\01.SelectLevel\SelectDesc</Filter>
    </ClInclude>
    <ClInclude Include="..\Public\TextButtonColor.h">
      <Filter>02.GameObjects\00.UI\TextButton</Filter>
    </ClInclude>
    <ClInclude Include="..\Public\Camera_Custom.h">
      <Filter>02.GameObjects\01.Camera\Select</Filter>
    </ClInclude>
    <ClInclude Include="..\Public\NameTag.h">
      <Filter>02.GameObjects\00.UI\NameTag</Filter>
    </ClInclude>
  </ItemGroup>
  <ItemGroup>
    <Image Include="Client.ico">
      <Filter>98.Default</Filter>
    </Image>
    <Image Include="small.ico">
      <Filter>98.Default</Filter>
    </Image>
  </ItemGroup>
  <ItemGroup>
    <ResourceCompile Include="Client.rc">
      <Filter>98.Default</Filter>
    </ResourceCompile>
  </ItemGroup>
  <ItemGroup>
    <ClCompile Include="Client.cpp">
      <Filter>98.Default</Filter>
    </ClCompile>
    <ClCompile Include="..\Private\MainApp.cpp">
      <Filter>00,MainApp</Filter>
    </ClCompile>
    <ClCompile Include="..\Private\Level_Loading.cpp">
      <Filter>01.Levels\99.Loading</Filter>
    </ClCompile>
    <ClCompile Include="..\Private\Loader.cpp">
      <Filter>01.Levels\99.Loading\Loader</Filter>
    </ClCompile>
    <ClCompile Include="..\Private\Level_Logo.cpp">
      <Filter>01.Levels\00.Logo</Filter>
    </ClCompile>
    <ClCompile Include="..\private\Player.cpp">
      <Filter>02.GameObjects\03.Player</Filter>
    </ClCompile>
    <ClCompile Include="..\Private\Camera_Main.cpp">
      <Filter>02.GameObjects\01.Camera\Main</Filter>
    </ClCompile>
    <ClCompile Include="..\Private\Camera_Debug.cpp">
      <Filter>02.GameObjects\01.Camera\Debug</Filter>
    </ClCompile>
    <ClCompile Include="..\Private\Level_GamePlay.cpp">
      <Filter>01.Levels\03.GamePlay</Filter>
    </ClCompile>
    <ClCompile Include="..\Private\Monster.cpp">
      <Filter>02.GameObjects\04. Monster</Filter>
    </ClCompile>
    <ClCompile Include="..\Private\Mouse.cpp">
      <Filter>02.GameObjects\00.UI\Mouse</Filter>
    </ClCompile>
    <ClCompile Include="..\Private\Level_Custom.cpp">
      <Filter>01.Levels\02.Custom</Filter>
    </ClCompile>
    <ClCompile Include="..\Private\Level_Select.cpp">
      <Filter>01.Levels\01.Select</Filter>
    </ClCompile>
    <ClCompile Include="..\Private\BackGround.cpp">
      <Filter>02.GameObjects\00.UI\00.LogoLevel\Logo_Background</Filter>
    </ClCompile>
    <ClCompile Include="..\Private\Logo.cpp">
      <Filter>02.GameObjects\00.UI\00.LogoLevel\Logo_Background</Filter>
    </ClCompile>
    <ClCompile Include="..\Private\Loading.cpp">
      <Filter>02.GameObjects\00.UI\00.LogoLevel\Loading</Filter>
    </ClCompile>
    <ClCompile Include="..\Private\Loading_Horse.cpp">
      <Filter>02.GameObjects\00.UI\00.LogoLevel\Loading</Filter>
    </ClCompile>
    <ClCompile Include="..\Private\Select.cpp">
      <Filter>02.GameObjects\00.UI\01.SelectLevel</Filter>
    </ClCompile>
    <ClCompile Include="..\Private\CharacterSelect.cpp">
      <Filter>02.GameObjects\00.UI\01.SelectLevel\CharacterSelect</Filter>
    </ClCompile>
    <ClCompile Include="..\Private\TextButton.cpp">
      <Filter>02.GameObjects\00.UI\TextButton</Filter>
    </ClCompile>
    <ClCompile Include="..\Private\BodyPart.cpp">
      <Filter>02.GameObjects\03.Player\BodyParts</Filter>
    </ClCompile>
    <ClCompile Include="..\Private\Terrain.cpp">
      <Filter>02.GameObjects\02.Terrain</Filter>
    </ClCompile>
    <ClCompile Include="..\Private\Void05.cpp">
      <Filter>02.GameObjects\04. Monster\Tutorial\01. Void05</Filter>
    </ClCompile>
    <ClCompile Include="..\Private\SelectDesc.cpp">
      <Filter>02.GameObjects\00.UI\01.SelectLevel\SelectDesc</Filter>
    </ClCompile>
    <ClCompile Include="..\Private\TextButtonColor.cpp">
      <Filter>02.GameObjects\00.UI\TextButton</Filter>
    </ClCompile>
    <ClCompile Include="..\Private\Camera_Custom.cpp">
      <Filter>02.GameObjects\01.Camera\Select</Filter>
    </ClCompile>
    <ClCompile Include="..\Private\NameTag.cpp">
      <Filter>02.GameObjects\00.UI\NameTag</Filter>
    </ClCompile>
  </ItemGroup>
  <ItemGroup>
    <FxCompile Include="..\Bin\ShaderFiles\Shader_VtxNorTex.hlsl">
      <Filter>97.Shaders</Filter>
    </FxCompile>
    <FxCompile Include="..\Bin\ShaderFiles\Shader_VtxStatMesh.hlsl">
      <Filter>97.Shaders</Filter>
    </FxCompile>
    <FxCompile Include="..\Bin\ShaderFiles\Shader_Vtxtex.hlsl">
      <Filter>97.Shaders</Filter>
    </FxCompile>
    <FxCompile Include="..\Bin\ShaderFiles\Shader_Vtxtex_Instancing.hlsl">
      <Filter>97.Shaders</Filter>
    </FxCompile>
    <FxCompile Include="..\Bin\ShaderFiles\Shader_Vtxtex_Trail.hlsl">
      <Filter>97.Shaders</Filter>
    </FxCompile>
    <FxCompile Include="..\Bin\ShaderFiles\Shader_Deferred.hlsl">
      <Filter>97.Shaders</Filter>
    </FxCompile>
    <FxCompile Include="..\Bin\ShaderFiles\Shader_VtxAnimMesh.hlsl">
      <Filter>97.Shaders</Filter>
    </FxCompile>
    <FxCompile Include="..\Bin\ShaderFiles\Shader_VtxColor.hlsl">
      <Filter>97.Shaders</Filter>
    </FxCompile>
    <FxCompile Include="..\Bin\ShaderFiles\Shader_VtxCubeTex.hlsl">
      <Filter>97.Shaders</Filter>
    </FxCompile>
  </ItemGroup>
</Project>